
Microsoft Visual Studio Solution File, Format Version 12.00
# Visual Studio Version 16
VisualStudioVersion = 16.0.31205.134
MinimumVisualStudioVersion = 10.0.40219.1
Project("{FAE04EC0-301F-11D3-BF4B-00C04F79EFBC}") = "HexToRGB", "HexToRGB\HexToRGB.csproj", "{1FF6D9B1-6A8A-4786-920C-C36C08DEBE5B}"
EndProject
Project("{FAE04EC0-301F-11D3-BF4B-00C04F79EFBC}") = "HexToRGBTest", "HexToRGBTest\HexToRGBTest.csproj", "{B1A02ED9-9E47-473D-A31F-0972D40327DB}"
EndProject
Global
	GlobalSection(SolutionConfigurationPlatforms) = preSolution
		Debug|Any CPU = Debug|Any CPU
		Release|Any CPU = Release|Any CPU
	EndGlobalSection
	GlobalSection(ProjectConfigurationPlatforms) = postSolution
		{1FF6D9B1-6A8A-4786-920C-C36C08DEBE5B}.Debug|Any CPU.ActiveCfg = Debug|Any CPU
		{1FF6D9B1-6A8A-4786-920C-C36C08DEBE5B}.Debug|Any CPU.Build.0 = Debug|Any CPU
		{1FF6D9B1-6A8A-4786-920C-C36C08DEBE5B}.Release|Any CPU.ActiveCfg = Release|Any CPU
		{1FF6D9B1-6A8A-4786-920C-C36C08DEBE5B}.Release|Any CPU.Build.0 = Release|Any CPU
		{B1A02ED9-9E47-473D-A31F-0972D40327DB}.Debug|Any CPU.ActiveCfg = Debug|Any CPU
		{B1A02ED9-9E47-473D-A31F-0972D40327DB}.Debug|Any CPU.Build.0 = Debug|Any CPU
		{B1A02ED9-9E47-473D-A31F-0972D40327DB}.Release|Any CPU.ActiveCfg = Release|Any CPU
		{B1A02ED9-9E47-473D-A31F-0972D40327DB}.Release|Any CPU.Build.0 = Release|Any CPU
	EndGlobalSection
	GlobalSection(SolutionProperties) = preSolution
		HideSolutionNode = FALSE
	EndGlobalSection
	GlobalSection(ExtensibilityGlobals) = postSolution
		SolutionGuid = {01B534CB-A90F-4623-BDF5-FF81A4940F41}
	EndGlobalSection
EndGlobal
